
Microsoft Visual Studio Solution File, Format Version 12.00
# Visual Studio 15
Project("{FAE04EC0-301F-11D3-BF4B-00C04F79EFBC}") = "UnityEngine.TestRunner", "UnityEngine.TestRunner.csproj", "{FA8DF97E-37EB-764A-D0CA-C90853874415}"
EndProject
Project("{FAE04EC0-301F-11D3-BF4B-00C04F79EFBC}") = "Unity.2D.Animation.Triangle.Runtime", "Unity.2D.Animation.Triangle.Runtime.csproj", "{3A41121E-4AAA-F972-DB6B-10DB6E52088C}"
EndProject
Project("{FAE04EC0-301F-11D3-BF4B-00C04F79EFBC}") = "UnityEngine.UI", "UnityEngine.UI.csproj", "{AF128D63-85A7-51B2-1CBA-7AFB9B34C8F3}"
EndProject
Project("{FAE04EC0-301F-11D3-BF4B-00C04F79EFBC}") = "Unity.TextMeshPro", "Unity.TextMeshPro.csproj", "{369596A7-E889-7B49-4721-3AFC57CCB34A}"
EndProject
Project("{FAE04EC0-301F-11D3-BF4B-00C04F79EFBC}") = "UniTask", "UniTask.csproj", "{7DFD957C-180D-180A-05DA-5AEB3B1B0C91}"
EndProject
Project("{FAE04EC0-301F-11D3-BF4B-00C04F79EFBC}") = "Unity.2D.Animation.Runtime", "Unity.2D.Animation.Runtime.csproj", "{031A47C6-B589-3C2D-D9EB-7EDF408C82B6}"
EndProject
Project("{FAE04EC0-301F-11D3-BF4B-00C04F79EFBC}") = "Unity.Timeline", "Unity.Timeline.csproj", "{63842E1E-8A3E-3B95-A033-A657897B9599}"
EndProject
Project("{FAE04EC0-301F-11D3-BF4B-00C04F79EFBC}") = "UniTask.Linq", "UniTask.Linq.csproj", "{717924DB-1DE2-0699-1450-E6EFF2DB72F9}"
EndProject
Project("{FAE04EC0-301F-11D3-BF4B-00C04F79EFBC}") = "Unity.Mathematics", "Unity.Mathematics.csproj", "{5054A157-0EBB-75EF-C009-3016C59C617B}"
EndProject
Project("{FAE04EC0-301F-11D3-BF4B-00C04F79EFBC}") = "Unity.2D.SpriteShape.Runtime", "Unity.2D.SpriteShape.Runtime.csproj", "{46CDDECD-D744-58B3-C067-035C312113E6}"
EndProject
Project("{FAE04EC0-301F-11D3-BF4B-00C04F79EFBC}") = "Assembly-CSharp", "Assembly-CSharp.csproj", "{D08C6BA0-2AC7-4A9C-A939-A24FAABF6CE0}"
EndProject
Project("{FAE04EC0-301F-11D3-BF4B-00C04F79EFBC}") = "Unity.2D.PixelPerfect", "Unity.2D.PixelPerfect.csproj", "{0715DAD8-A96E-98AE-5BD2-64B4490CB589}"
EndProject
Project("{FAE04EC0-301F-11D3-BF4B-00C04F79EFBC}") = "UniTask.TextMeshPro", "UniTask.TextMeshPro.csproj", "{AA8699C8-0283-5617-F6F0-B00E583C6E04}"
EndProject
Project("{FAE04EC0-301F-11D3-BF4B-00C04F79EFBC}") = "Unity.InternalAPIEngineBridge.001", "Unity.InternalAPIEngineBridge.001.csproj", "{88FE9B2B-4B7F-A964-39E5-E9BF160C2616}"
EndProject
Project("{FAE04EC0-301F-11D3-BF4B-00C04F79EFBC}") = "UniTask.DOTween", "UniTask.DOTween.csproj", "{EED30D48-9F43-1B2C-0031-5D0BDA5E37B3}"
EndProject
Project("{FAE04EC0-301F-11D3-BF4B-00C04F79EFBC}") = "Assembly-CSharp-firstpass", "Assembly-CSharp-firstpass.csproj", "{35BC9959-0C67-6ACF-462B-74D72CC9018D}"
EndProject
Project("{FAE04EC0-301F-11D3-BF4B-00C04F79EFBC}") = "UniTask.Addressables", "UniTask.Addressables.csproj", "{3D95C588-3A17-ED30-3532-D7422C596168}"
EndProject
Project("{FAE04EC0-301F-11D3-BF4B-00C04F79EFBC}") = "Unity.2D.Common.Runtime", "Unity.2D.Common.Runtime.csproj", "{D61D24C6-73E9-124E-F127-BD2911349403}"
EndProject
Project("{FAE04EC0-301F-11D3-BF4B-00C04F79EFBC}") = "Unity.TextMeshPro.Editor", "Unity.TextMeshPro.Editor.csproj", "{5667D2B0-9F2F-D48A-38DB-3273A297DF07}"
EndProject
Project("{FAE04EC0-301F-11D3-BF4B-00C04F79EFBC}") = "Unity.Timeline.Editor", "Unity.Timeline.Editor.csproj", "{981B0E57-1A99-9985-3040-E46277DD8F7E}"
EndProject
Project("{FAE04EC0-301F-11D3-BF4B-00C04F79EFBC}") = "UnityEditor.TestRunner", "UnityEditor.TestRunner.csproj", "{FC42D35A-53BB-037C-324E-80C42E0C3B1F}"
EndProject
Project("{FAE04EC0-301F-11D3-BF4B-00C04F79EFBC}") = "Unity.2D.Animation.Editor", "Unity.2D.Animation.Editor.csproj", "{80D0C27B-0811-8846-549C-08E594775ECB}"
EndProject
Project("{FAE04EC0-301F-11D3-BF4B-00C04F79EFBC}") = "Unity.2D.Path.Editor", "Unity.2D.Path.Editor.csproj", "{8190C717-7EAF-8F22-D4E8-81953437F163}"
EndProject
Project("{FAE04EC0-301F-11D3-BF4B-00C04F79EFBC}") = "Unity.2D.Sprite.Editor", "Unity.2D.Sprite.Editor.csproj", "{F5F785F3-1B28-DFEC-963F-9480C8920CB1}"
EndProject
Project("{FAE04EC0-301F-11D3-BF4B-00C04F79EFBC}") = "UnityEditor.UI", "UnityEditor.UI.csproj", "{F568ED36-971A-274D-8EF7-CF14E5BDF014}"
EndProject
Project("{FAE04EC0-301F-11D3-BF4B-00C04F79EFBC}") = "Unity.Rider.Editor", "Unity.Rider.Editor.csproj", "{1A88C60B-5A8F-2107-B247-EAE99610809F}"
EndProject
Project("{FAE04EC0-301F-11D3-BF4B-00C04F79EFBC}") = "Unity.2D.Tilemap.Editor", "Unity.2D.Tilemap.Editor.csproj", "{BA08A7B9-7C5F-5C3C-D70F-15D176E787F1}"
EndProject
Project("{FAE04EC0-301F-11D3-BF4B-00C04F79EFBC}") = "Unity.2D.SpriteShape.Editor", "Unity.2D.SpriteShape.Editor.csproj", "{08A4F96C-7F39-8270-77DE-F9042B0787F8}"
EndProject
Project("{FAE04EC0-301F-11D3-BF4B-00C04F79EFBC}") = "PsdPlugin", "PsdPlugin.csproj", "{6885C789-8343-0AAA-F03E-C854AADF7263}"
EndProject
Project("{FAE04EC0-301F-11D3-BF4B-00C04F79EFBC}") = "Unity.CollabProxy.Editor", "Unity.CollabProxy.Editor.csproj", "{E52546B9-99E7-BD7F-FBC7-36B3B434C637}"
EndProject
Project("{FAE04EC0-301F-11D3-BF4B-00C04F79EFBC}") = "Unity.2D.Common.Editor", "Unity.2D.Common.Editor.csproj", "{55EF11B3-FBB5-678E-315B-96BF46A24410}"
EndProject
Project("{FAE04EC0-301F-11D3-BF4B-00C04F79EFBC}") = "Unity.VSCode.Editor", "Unity.VSCode.Editor.csproj", "{B4E91600-A5B6-5A0B-00FC-BD84BC9F875D}"
EndProject
Project("{FAE04EC0-301F-11D3-BF4B-00C04F79EFBC}") = "Unity.2D.Psdimporter.Editor", "Unity.2D.Psdimporter.Editor.csproj", "{C7E8D155-DBC4-9D2C-B16D-CC87C0E95040}"
EndProject
Project("{FAE04EC0-301F-11D3-BF4B-00C04F79EFBC}") = "Unity.2D.PixelPerfect.Editor", "Unity.2D.PixelPerfect.Editor.csproj", "{C47336F8-27FA-CBFA-E4E2-CEAEC26C3B6E}"
EndProject
Project("{FAE04EC0-301F-11D3-BF4B-00C04F79EFBC}") = "UniTask.Editor", "UniTask.Editor.csproj", "{F7D3322A-E04E-56C0-FB5F-80834D0B490E}"
EndProject
Project("{FAE04EC0-301F-11D3-BF4B-00C04F79EFBC}") = "Unity.Mathematics.Editor", "Unity.Mathematics.Editor.csproj", "{C8CDB970-4C4C-59E2-F55B-49AAEDA70F82}"
EndProject
Project("{FAE04EC0-301F-11D3-BF4B-00C04F79EFBC}") = "Unity.InternalAPIEditorBridge.001", "Unity.InternalAPIEditorBridge.001.csproj", "{B9D8623D-F50E-F706-892E-639CE063A25B}"
EndProject
Global
	GlobalSection(SolutionConfigurationPlatforms) = preSolution
		Debug|Any CPU = Debug|Any CPU
		Release|Any CPU = Release|Any CPU
	EndGlobalSection
	GlobalSection(ProjectConfigurationPlatforms) = postSolution
		{FA8DF97E-37EB-764A-D0CA-C90853874415}.Debug|Any CPU.ActiveCfg = Debug|Any CPU
		{FA8DF97E-37EB-764A-D0CA-C90853874415}.Debug|Any CPU.Build.0 = Debug|Any CPU
		{FA8DF97E-37EB-764A-D0CA-C90853874415}.Release|Any CPU.ActiveCfg = Release|Any CPU
		{FA8DF97E-37EB-764A-D0CA-C90853874415}.Release|Any CPU.Build.0 = Release|Any CPU
		{3A41121E-4AAA-F972-DB6B-10DB6E52088C}.Debug|Any CPU.ActiveCfg = Debug|Any CPU
		{3A41121E-4AAA-F972-DB6B-10DB6E52088C}.Debug|Any CPU.Build.0 = Debug|Any CPU
		{3A41121E-4AAA-F972-DB6B-10DB6E52088C}.Release|Any CPU.ActiveCfg = Release|Any CPU
		{3A41121E-4AAA-F972-DB6B-10DB6E52088C}.Release|Any CPU.Build.0 = Release|Any CPU
		{AF128D63-85A7-51B2-1CBA-7AFB9B34C8F3}.Debug|Any CPU.ActiveCfg = Debug|Any CPU
		{AF128D63-85A7-51B2-1CBA-7AFB9B34C8F3}.Debug|Any CPU.Build.0 = Debug|Any CPU
		{AF128D63-85A7-51B2-1CBA-7AFB9B34C8F3}.Release|Any CPU.ActiveCfg = Release|Any CPU
		{AF128D63-85A7-51B2-1CBA-7AFB9B34C8F3}.Release|Any CPU.Build.0 = Release|Any CPU
		{369596A7-E889-7B49-4721-3AFC57CCB34A}.Debug|Any CPU.ActiveCfg = Debug|Any CPU
		{369596A7-E889-7B49-4721-3AFC57CCB34A}.Debug|Any CPU.Build.0 = Debug|Any CPU
		{369596A7-E889-7B49-4721-3AFC57CCB34A}.Release|Any CPU.ActiveCfg = Release|Any CPU
		{369596A7-E889-7B49-4721-3AFC57CCB34A}.Release|Any CPU.Build.0 = Release|Any CPU
		{7DFD957C-180D-180A-05DA-5AEB3B1B0C91}.Debug|Any CPU.ActiveCfg = Debug|Any CPU
		{7DFD957C-180D-180A-05DA-5AEB3B1B0C91}.Debug|Any CPU.Build.0 = Debug|Any CPU
		{7DFD957C-180D-180A-05DA-5AEB3B1B0C91}.Release|Any CPU.ActiveCfg = Release|Any CPU
		{7DFD957C-180D-180A-05DA-5AEB3B1B0C91}.Release|Any CPU.Build.0 = Release|Any CPU
		{031A47C6-B589-3C2D-D9EB-7EDF408C82B6}.Debug|Any CPU.ActiveCfg = Debug|Any CPU
		{031A47C6-B589-3C2D-D9EB-7EDF408C82B6}.Debug|Any CPU.Build.0 = Debug|Any CPU
		{031A47C6-B589-3C2D-D9EB-7EDF408C82B6}.Release|Any CPU.ActiveCfg = Release|Any CPU
		{031A47C6-B589-3C2D-D9EB-7EDF408C82B6}.Release|Any CPU.Build.0 = Release|Any CPU
		{63842E1E-8A3E-3B95-A033-A657897B9599}.Debug|Any CPU.ActiveCfg = Debug|Any CPU
		{63842E1E-8A3E-3B95-A033-A657897B9599}.Debug|Any CPU.Build.0 = Debug|Any CPU
		{63842E1E-8A3E-3B95-A033-A657897B9599}.Release|Any CPU.ActiveCfg = Release|Any CPU
		{63842E1E-8A3E-3B95-A033-A657897B9599}.Release|Any CPU.Build.0 = Release|Any CPU
		{717924DB-1DE2-0699-1450-E6EFF2DB72F9}.Debug|Any CPU.ActiveCfg = Debug|Any CPU
		{717924DB-1DE2-0699-1450-E6EFF2DB72F9}.Debug|Any CPU.Build.0 = Debug|Any CPU
		{717924DB-1DE2-0699-1450-E6EFF2DB72F9}.Release|Any CPU.ActiveCfg = Release|Any CPU
		{717924DB-1DE2-0699-1450-E6EFF2DB72F9}.Release|Any CPU.Build.0 = Release|Any CPU
		{5054A157-0EBB-75EF-C009-3016C59C617B}.Debug|Any CPU.ActiveCfg = Debug|Any CPU
		{5054A157-0EBB-75EF-C009-3016C59C617B}.Debug|Any CPU.Build.0 = Debug|Any CPU
		{5054A157-0EBB-75EF-C009-3016C59C617B}.Release|Any CPU.ActiveCfg = Release|Any CPU
		{5054A157-0EBB-75EF-C009-3016C59C617B}.Release|Any CPU.Build.0 = Release|Any CPU
		{46CDDECD-D744-58B3-C067-035C312113E6}.Debug|Any CPU.ActiveCfg = Debug|Any CPU
		{46CDDECD-D744-58B3-C067-035C312113E6}.Debug|Any CPU.Build.0 = Debug|Any CPU
		{46CDDECD-D744-58B3-C067-035C312113E6}.Release|Any CPU.ActiveCfg = Release|Any CPU
		{46CDDECD-D744-58B3-C067-035C312113E6}.Release|Any CPU.Build.0 = Release|Any CPU
		{D08C6BA0-2AC7-4A9C-A939-A24FAABF6CE0}.Debug|Any CPU.ActiveCfg = Debug|Any CPU
		{D08C6BA0-2AC7-4A9C-A939-A24FAABF6CE0}.Debug|Any CPU.Build.0 = Debug|Any CPU
		{D08C6BA0-2AC7-4A9C-A939-A24FAABF6CE0}.Release|Any CPU.ActiveCfg = Release|Any CPU
		{D08C6BA0-2AC7-4A9C-A939-A24FAABF6CE0}.Release|Any CPU.Build.0 = Release|Any CPU
		{0715DAD8-A96E-98AE-5BD2-64B4490CB589}.Debug|Any CPU.ActiveCfg = Debug|Any CPU
		{0715DAD8-A96E-98AE-5BD2-64B4490CB589}.Debug|Any CPU.Build.0 = Debug|Any CPU
		{0715DAD8-A96E-98AE-5BD2-64B4490CB589}.Release|Any CPU.ActiveCfg = Release|Any CPU
		{0715DAD8-A96E-98AE-5BD2-64B4490CB589}.Release|Any CPU.Build.0 = Release|Any CPU
		{AA8699C8-0283-5617-F6F0-B00E583C6E04}.Debug|Any CPU.ActiveCfg = Debug|Any CPU
		{AA8699C8-0283-5617-F6F0-B00E583C6E04}.Debug|Any CPU.Build.0 = Debug|Any CPU
		{AA8699C8-0283-5617-F6F0-B00E583C6E04}.Release|Any CPU.ActiveCfg = Release|Any CPU
		{AA8699C8-0283-5617-F6F0-B00E583C6E04}.Release|Any CPU.Build.0 = Release|Any CPU
		{88FE9B2B-4B7F-A964-39E5-E9BF160C2616}.Debug|Any CPU.ActiveCfg = Debug|Any CPU
		{88FE9B2B-4B7F-A964-39E5-E9BF160C2616}.Debug|Any CPU.Build.0 = Debug|Any CPU
		{88FE9B2B-4B7F-A964-39E5-E9BF160C2616}.Release|Any CPU.ActiveCfg = Release|Any CPU
		{88FE9B2B-4B7F-A964-39E5-E9BF160C2616}.Release|Any CPU.Build.0 = Release|Any CPU
		{EED30D48-9F43-1B2C-0031-5D0BDA5E37B3}.Debug|Any CPU.ActiveCfg = Debug|Any CPU
		{EED30D48-9F43-1B2C-0031-5D0BDA5E37B3}.Debug|Any CPU.Build.0 = Debug|Any CPU
		{EED30D48-9F43-1B2C-0031-5D0BDA5E37B3}.Release|Any CPU.ActiveCfg = Release|Any CPU
		{EED30D48-9F43-1B2C-0031-5D0BDA5E37B3}.Release|Any CPU.Build.0 = Release|Any CPU
		{35BC9959-0C67-6ACF-462B-74D72CC9018D}.Debug|Any CPU.ActiveCfg = Debug|Any CPU
		{35BC9959-0C67-6ACF-462B-74D72CC9018D}.Debug|Any CPU.Build.0 = Debug|Any CPU
		{35BC9959-0C67-6ACF-462B-74D72CC9018D}.Release|Any CPU.ActiveCfg = Release|Any CPU
		{35BC9959-0C67-6ACF-462B-74D72CC9018D}.Release|Any CPU.Build.0 = Release|Any CPU
		{3D95C588-3A17-ED30-3532-D7422C596168}.Debug|Any CPU.ActiveCfg = Debug|Any CPU
		{3D95C588-3A17-ED30-3532-D7422C596168}.Debug|Any CPU.Build.0 = Debug|Any CPU
		{3D95C588-3A17-ED30-3532-D7422C596168}.Release|Any CPU.ActiveCfg = Release|Any CPU
		{3D95C588-3A17-ED30-3532-D7422C596168}.Release|Any CPU.Build.0 = Release|Any CPU
		{D61D24C6-73E9-124E-F127-BD2911349403}.Debug|Any CPU.ActiveCfg = Debug|Any CPU
		{D61D24C6-73E9-124E-F127-BD2911349403}.Debug|Any CPU.Build.0 = Debug|Any CPU
		{D61D24C6-73E9-124E-F127-BD2911349403}.Release|Any CPU.ActiveCfg = Release|Any CPU
		{D61D24C6-73E9-124E-F127-BD2911349403}.Release|Any CPU.Build.0 = Release|Any CPU
		{5667D2B0-9F2F-D48A-38DB-3273A297DF07}.Debug|Any CPU.ActiveCfg = Debug|Any CPU
		{5667D2B0-9F2F-D48A-38DB-3273A297DF07}.Debug|Any CPU.Build.0 = Debug|Any CPU
		{5667D2B0-9F2F-D48A-38DB-3273A297DF07}.Release|Any CPU.ActiveCfg = Release|Any CPU
		{5667D2B0-9F2F-D48A-38DB-3273A297DF07}.Release|Any CPU.Build.0 = Release|Any CPU
		{981B0E57-1A99-9985-3040-E46277DD8F7E}.Debug|Any CPU.ActiveCfg = Debug|Any CPU
		{981B0E57-1A99-9985-3040-E46277DD8F7E}.Debug|Any CPU.Build.0 = Debug|Any CPU
		{981B0E57-1A99-9985-3040-E46277DD8F7E}.Release|Any CPU.ActiveCfg = Release|Any CPU
		{981B0E57-1A99-9985-3040-E46277DD8F7E}.Release|Any CPU.Build.0 = Release|Any CPU
		{FC42D35A-53BB-037C-324E-80C42E0C3B1F}.Debug|Any CPU.ActiveCfg = Debug|Any CPU
		{FC42D35A-53BB-037C-324E-80C42E0C3B1F}.Debug|Any CPU.Build.0 = Debug|Any CPU
		{FC42D35A-53BB-037C-324E-80C42E0C3B1F}.Release|Any CPU.ActiveCfg = Release|Any CPU
		{FC42D35A-53BB-037C-324E-80C42E0C3B1F}.Release|Any CPU.Build.0 = Release|Any CPU
		{80D0C27B-0811-8846-549C-08E594775ECB}.Debug|Any CPU.ActiveCfg = Debug|Any CPU
		{80D0C27B-0811-8846-549C-08E594775ECB}.Debug|Any CPU.Build.0 = Debug|Any CPU
		{80D0C27B-0811-8846-549C-08E594775ECB}.Release|Any CPU.ActiveCfg = Release|Any CPU
		{80D0C27B-0811-8846-549C-08E594775ECB}.Release|Any CPU.Build.0 = Release|Any CPU
		{8190C717-7EAF-8F22-D4E8-81953437F163}.Debug|Any CPU.ActiveCfg = Debug|Any CPU
		{8190C717-7EAF-8F22-D4E8-81953437F163}.Debug|Any CPU.Build.0 = Debug|Any CPU
		{8190C717-7EAF-8F22-D4E8-81953437F163}.Release|Any CPU.ActiveCfg = Release|Any CPU
		{8190C717-7EAF-8F22-D4E8-81953437F163}.Release|Any CPU.Build.0 = Release|Any CPU
		{F5F785F3-1B28-DFEC-963F-9480C8920CB1}.Debug|Any CPU.ActiveCfg = Debug|Any CPU
		{F5F785F3-1B28-DFEC-963F-9480C8920CB1}.Debug|Any CPU.Build.0 = Debug|Any CPU
		{F5F785F3-1B28-DFEC-963F-9480C8920CB1}.Release|Any CPU.ActiveCfg = Release|Any CPU
		{F5F785F3-1B28-DFEC-963F-9480C8920CB1}.Release|Any CPU.Build.0 = Release|Any CPU
		{F568ED36-971A-274D-8EF7-CF14E5BDF014}.Debug|Any CPU.ActiveCfg = Debug|Any CPU
		{F568ED36-971A-274D-8EF7-CF14E5BDF014}.Debug|Any CPU.Build.0 = Debug|Any CPU
		{F568ED36-971A-274D-8EF7-CF14E5BDF014}.Release|Any CPU.ActiveCfg = Release|Any CPU
		{F568ED36-971A-274D-8EF7-CF14E5BDF014}.Release|Any CPU.Build.0 = Release|Any CPU
		{1A88C60B-5A8F-2107-B247-EAE99610809F}.Debug|Any CPU.ActiveCfg = Debug|Any CPU
		{1A88C60B-5A8F-2107-B247-EAE99610809F}.Debug|Any CPU.Build.0 = Debug|Any CPU
		{1A88C60B-5A8F-2107-B247-EAE99610809F}.Release|Any CPU.ActiveCfg = Release|Any CPU
		{1A88C60B-5A8F-2107-B247-EAE99610809F}.Release|Any CPU.Build.0 = Release|Any CPU
		{BA08A7B9-7C5F-5C3C-D70F-15D176E787F1}.Debug|Any CPU.ActiveCfg = Debug|Any CPU
		{BA08A7B9-7C5F-5C3C-D70F-15D176E787F1}.Debug|Any CPU.Build.0 = Debug|Any CPU
		{BA08A7B9-7C5F-5C3C-D70F-15D176E787F1}.Release|Any CPU.ActiveCfg = Release|Any CPU
		{BA08A7B9-7C5F-5C3C-D70F-15D176E787F1}.Release|Any CPU.Build.0 = Release|Any CPU
		{08A4F96C-7F39-8270-77DE-F9042B0787F8}.Debug|Any CPU.ActiveCfg = Debug|Any CPU
		{08A4F96C-7F39-8270-77DE-F9042B0787F8}.Debug|Any CPU.Build.0 = Debug|Any CPU
		{08A4F96C-7F39-8270-77DE-F9042B0787F8}.Release|Any CPU.ActiveCfg = Release|Any CPU
		{08A4F96C-7F39-8270-77DE-F9042B0787F8}.Release|Any CPU.Build.0 = Release|Any CPU
		{6885C789-8343-0AAA-F03E-C854AADF7263}.Debug|Any CPU.ActiveCfg = Debug|Any CPU
		{6885C789-8343-0AAA-F03E-C854AADF7263}.Debug|Any CPU.Build.0 = Debug|Any CPU
		{6885C789-8343-0AAA-F03E-C854AADF7263}.Release|Any CPU.ActiveCfg = Release|Any CPU
		{6885C789-8343-0AAA-F03E-C854AADF7263}.Release|Any CPU.Build.0 = Release|Any CPU
		{E52546B9-99E7-BD7F-FBC7-36B3B434C637}.Debug|Any CPU.ActiveCfg = Debug|Any CPU
		{E52546B9-99E7-BD7F-FBC7-36B3B434C637}.Debug|Any CPU.Build.0 = Debug|Any CPU
		{E52546B9-99E7-BD7F-FBC7-36B3B434C637}.Release|Any CPU.ActiveCfg = Release|Any CPU
		{E52546B9-99E7-BD7F-FBC7-36B3B434C637}.Release|Any CPU.Build.0 = Release|Any CPU
		{55EF11B3-FBB5-678E-315B-96BF46A24410}.Debug|Any CPU.ActiveCfg = Debug|Any CPU
		{55EF11B3-FBB5-678E-315B-96BF46A24410}.Debug|Any CPU.Build.0 = Debug|Any CPU
		{55EF11B3-FBB5-678E-315B-96BF46A24410}.Release|Any CPU.ActiveCfg = Release|Any CPU
		{55EF11B3-FBB5-678E-315B-96BF46A24410}.Release|Any CPU.Build.0 = Release|Any CPU
		{B4E91600-A5B6-5A0B-00FC-BD84BC9F875D}.Debug|Any CPU.ActiveCfg = Debug|Any CPU
		{B4E91600-A5B6-5A0B-00FC-BD84BC9F875D}.Debug|Any CPU.Build.0 = Debug|Any CPU
		{B4E91600-A5B6-5A0B-00FC-BD84BC9F875D}.Release|Any CPU.ActiveCfg = Release|Any CPU
		{B4E91600-A5B6-5A0B-00FC-BD84BC9F875D}.Release|Any CPU.Build.0 = Release|Any CPU
		{C7E8D155-DBC4-9D2C-B16D-CC87C0E95040}.Debug|Any CPU.ActiveCfg = Debug|Any CPU
		{C7E8D155-DBC4-9D2C-B16D-CC87C0E95040}.Debug|Any CPU.Build.0 = Debug|Any CPU
		{C7E8D155-DBC4-9D2C-B16D-CC87C0E95040}.Release|Any CPU.ActiveCfg = Release|Any CPU
		{C7E8D155-DBC4-9D2C-B16D-CC87C0E95040}.Release|Any CPU.Build.0 = Release|Any CPU
		{C47336F8-27FA-CBFA-E4E2-CEAEC26C3B6E}.Debug|Any CPU.ActiveCfg = Debug|Any CPU
		{C47336F8-27FA-CBFA-E4E2-CEAEC26C3B6E}.Debug|Any CPU.Build.0 = Debug|Any CPU
		{C47336F8-27FA-CBFA-E4E2-CEAEC26C3B6E}.Release|Any CPU.ActiveCfg = Release|Any CPU
		{C47336F8-27FA-CBFA-E4E2-CEAEC26C3B6E}.Release|Any CPU.Build.0 = Release|Any CPU
		{F7D3322A-E04E-56C0-FB5F-80834D0B490E}.Debug|Any CPU.ActiveCfg = Debug|Any CPU
		{F7D3322A-E04E-56C0-FB5F-80834D0B490E}.Debug|Any CPU.Build.0 = Debug|Any CPU
		{F7D3322A-E04E-56C0-FB5F-80834D0B490E}.Release|Any CPU.ActiveCfg = Release|Any CPU
		{F7D3322A-E04E-56C0-FB5F-80834D0B490E}.Release|Any CPU.Build.0 = Release|Any CPU
		{C8CDB970-4C4C-59E2-F55B-49AAEDA70F82}.Debug|Any CPU.ActiveCfg = Debug|Any CPU
		{C8CDB970-4C4C-59E2-F55B-49AAEDA70F82}.Debug|Any CPU.Build.0 = Debug|Any CPU
		{C8CDB970-4C4C-59E2-F55B-49AAEDA70F82}.Release|Any CPU.ActiveCfg = Release|Any CPU
		{C8CDB970-4C4C-59E2-F55B-49AAEDA70F82}.Release|Any CPU.Build.0 = Release|Any CPU
		{B9D8623D-F50E-F706-892E-639CE063A25B}.Debug|Any CPU.ActiveCfg = Debug|Any CPU
		{B9D8623D-F50E-F706-892E-639CE063A25B}.Debug|Any CPU.Build.0 = Debug|Any CPU
		{B9D8623D-F50E-F706-892E-639CE063A25B}.Release|Any CPU.ActiveCfg = Release|Any CPU
		{B9D8623D-F50E-F706-892E-639CE063A25B}.Release|Any CPU.Build.0 = Release|Any CPU
	EndGlobalSection
	GlobalSection(SolutionProperties) = preSolution
		HideSolutionNode = FALSE
	EndGlobalSection
EndGlobal
